
Microsoft Visual Studio Solution File, Format Version 12.00
# Visual Studio 15
VisualStudioVersion = 15.0.27703.2000
MinimumVisualStudioVersion = 10.0.40219.1
Project("{FAE04EC0-301F-11D3-BF4B-00C04F79EFBC}") = "ColorblindProjecty", "SIS0589A_Daltonismo\ColorblindProjecty.csproj", "{7D3D2C26-108E-4768-955F-921E6CBF4744}"
EndProject
Global
	GlobalSection(SolutionConfigurationPlatforms) = preSolution
		Debug|Any CPU = Debug|Any CPU
		Release|Any CPU = Release|Any CPU
	EndGlobalSection
	GlobalSection(ProjectConfigurationPlatforms) = postSolution
		{7D3D2C26-108E-4768-955F-921E6CBF4744}.Debug|Any CPU.ActiveCfg = Debug|Any CPU
		{7D3D2C26-108E-4768-955F-921E6CBF4744}.Debug|Any CPU.Build.0 = Debug|Any CPU
		{7D3D2C26-108E-4768-955F-921E6CBF4744}.Release|Any CPU.ActiveCfg = Release|Any CPU
		{7D3D2C26-108E-4768-955F-921E6CBF4744}.Release|Any CPU.Build.0 = Release|Any CPU
	EndGlobalSection
	GlobalSection(SolutionProperties) = preSolution
		HideSolutionNode = FALSE
	EndGlobalSection
	GlobalSection(ExtensibilityGlobals) = postSolution
		SolutionGuid = {BD92CD84-9778-46E1-A768-2E77290ACED1}
	EndGlobalSection
EndGlobal
